
Microsoft Visual Studio Solution File, Format Version 12.00
# Visual Studio Version 17
VisualStudioVersion = 17.4.33110.190
MinimumVisualStudioVersion = 10.0.40219.1
Project("{9A19103F-16F7-4668-BE54-9A1E7A4F7556}") = "Entidades", "Entidades\Entidades.csproj", "{2E9CD84B-1897-4EF7-AFD7-1804CAA1E639}"
EndProject
Project("{9A19103F-16F7-4668-BE54-9A1E7A4F7556}") = "Spotify.Tests", "Spotify.Tests\Spotify.Tests.csproj", "{B11F87B4-CA0E-4382-8DDA-45EB85215421}"
EndProject
Project("{9A19103F-16F7-4668-BE54-9A1E7A4F7556}") = "Repository", "Repository\Repository.csproj", "{0BAA3E1C-0A5B-4D3C-8F3F-68A44342046B}"
EndProject
Project("{9A19103F-16F7-4668-BE54-9A1E7A4F7556}") = "WebApi", "WebApi\WebApi.csproj", "{D75AFF2A-606E-48C1-A0CA-DAC9F3F6DB79}"
EndProject
Project("{9A19103F-16F7-4668-BE54-9A1E7A4F7556}") = "Services", "Services\Services.csproj", "{2DA8FB38-C53B-4997-B781-A3291EA298C8}"
EndProject
Project("{FAE04EC0-301F-11D3-BF4B-00C04F79EFBC}") = "MVC", "MVC\MVC.csproj", "{AC7A5D1C-DE5C-4D81-9D3C-7F971829A979}"
EndProject
Global
	GlobalSection(SolutionConfigurationPlatforms) = preSolution
		Debug|Any CPU = Debug|Any CPU
		Release|Any CPU = Release|Any CPU
	EndGlobalSection
	GlobalSection(ProjectConfigurationPlatforms) = postSolution
		{2E9CD84B-1897-4EF7-AFD7-1804CAA1E639}.Debug|Any CPU.ActiveCfg = Debug|Any CPU
		{2E9CD84B-1897-4EF7-AFD7-1804CAA1E639}.Debug|Any CPU.Build.0 = Debug|Any CPU
		{2E9CD84B-1897-4EF7-AFD7-1804CAA1E639}.Release|Any CPU.ActiveCfg = Release|Any CPU
		{2E9CD84B-1897-4EF7-AFD7-1804CAA1E639}.Release|Any CPU.Build.0 = Release|Any CPU
		{B11F87B4-CA0E-4382-8DDA-45EB85215421}.Debug|Any CPU.ActiveCfg = Debug|Any CPU
		{B11F87B4-CA0E-4382-8DDA-45EB85215421}.Debug|Any CPU.Build.0 = Debug|Any CPU
		{B11F87B4-CA0E-4382-8DDA-45EB85215421}.Release|Any CPU.ActiveCfg = Release|Any CPU
		{B11F87B4-CA0E-4382-8DDA-45EB85215421}.Release|Any CPU.Build.0 = Release|Any CPU
		{0BAA3E1C-0A5B-4D3C-8F3F-68A44342046B}.Debug|Any CPU.ActiveCfg = Debug|Any CPU
		{0BAA3E1C-0A5B-4D3C-8F3F-68A44342046B}.Debug|Any CPU.Build.0 = Debug|Any CPU
		{0BAA3E1C-0A5B-4D3C-8F3F-68A44342046B}.Release|Any CPU.ActiveCfg = Release|Any CPU
		{0BAA3E1C-0A5B-4D3C-8F3F-68A44342046B}.Release|Any CPU.Build.0 = Release|Any CPU
		{D75AFF2A-606E-48C1-A0CA-DAC9F3F6DB79}.Debug|Any CPU.ActiveCfg = Debug|Any CPU
		{D75AFF2A-606E-48C1-A0CA-DAC9F3F6DB79}.Debug|Any CPU.Build.0 = Debug|Any CPU
		{D75AFF2A-606E-48C1-A0CA-DAC9F3F6DB79}.Release|Any CPU.ActiveCfg = Release|Any CPU
		{D75AFF2A-606E-48C1-A0CA-DAC9F3F6DB79}.Release|Any CPU.Build.0 = Release|Any CPU
		{2DA8FB38-C53B-4997-B781-A3291EA298C8}.Debug|Any CPU.ActiveCfg = Debug|Any CPU
		{2DA8FB38-C53B-4997-B781-A3291EA298C8}.Debug|Any CPU.Build.0 = Debug|Any CPU
		{2DA8FB38-C53B-4997-B781-A3291EA298C8}.Release|Any CPU.ActiveCfg = Release|Any CPU
		{2DA8FB38-C53B-4997-B781-A3291EA298C8}.Release|Any CPU.Build.0 = Release|Any CPU
		{AC7A5D1C-DE5C-4D81-9D3C-7F971829A979}.Debug|Any CPU.ActiveCfg = Debug|Any CPU
		{AC7A5D1C-DE5C-4D81-9D3C-7F971829A979}.Debug|Any CPU.Build.0 = Debug|Any CPU
		{AC7A5D1C-DE5C-4D81-9D3C-7F971829A979}.Release|Any CPU.ActiveCfg = Release|Any CPU
		{AC7A5D1C-DE5C-4D81-9D3C-7F971829A979}.Release|Any CPU.Build.0 = Release|Any CPU
	EndGlobalSection
	GlobalSection(SolutionProperties) = preSolution
		HideSolutionNode = FALSE
	EndGlobalSection
	GlobalSection(ExtensibilityGlobals) = postSolution
		SolutionGuid = {2F7D603D-A5D8-4430-A24F-ADBB6BEC1126}
	EndGlobalSection
EndGlobal
